{
  "name": "sacc",
  "version": "1.0.0",
  "lockfileVersion": 1,
  "requires": true,
  "dependencies": {
    "@antv/adjust": {
      "version": "0.1.1",
      "resolved": "https://registry.npm.taobao.org/@antv/adjust/download/@antv/adjust-0.1.1.tgz",
      "integrity": "sha1-4mOrDhoZQaZIhC/Ahs9lp+O3Xpg=",
      "requires": {
        "@antv/util": "~1.3.1"
      }
    },
    "@antv/attr": {
      "version": "0.1.2",
      "resolved": "https://registry.npm.taobao.org/@antv/attr/download/@antv/attr-0.1.2.tgz",
      "integrity": "sha1-LusSL8qvhRoth0mrx8YFGdP3fjc=",
      "requires": {
        "@antv/util": "~1.3.1"
      }
    },
    "@antv/component": {
      "version": "0.3.3",
      "resolved": "https://registry.npm.taobao.org/@antv/component/download/@antv/component-0.3.3.tgz",
      "integrity": "sha1-waf1R/5uCkh4g49aTuu4tZhlH84=",
      "requires": {
        "@antv/attr": "~0.1.2",
        "@antv/g": "~3.3.5",
        "@antv/util": "~1.3.1",
        "wolfy87-eventemitter": "~5.1.0"
      }
    },
    "@antv/coord": {
      "version": "0.1.0",
      "resolved": "https://registry.npm.taobao.org/@antv/coord/download/@antv/coord-0.1.0.tgz",
      "integrity": "sha1-SKgK420HVS+WZX5/gJUifGPwwKk=",
      "requires": {
        "@antv/util": "~1.3.1"
      }
    },
    "@antv/data-set": {
      "version": "0.10.2",
      "resolved": "https://registry.npm.taobao.org/@antv/data-set/download/@antv/data-set-0.10.2.tgz",
      "integrity": "sha1-WEqVdOfghThHy2WNUbn3NFoAAy8=",
      "requires": {
        "@antv/hierarchy": "~0.4.0",
        "@antv/util": "~1.3.1",
        "d3-array": "~1.2.0",
        "d3-composite-projections": "~1.2.0",
        "d3-dsv": "~1.0.5",
        "d3-geo": "~1.6.4",
        "d3-geo-projection": "~2.1.2",
        "d3-hexjson": "~1.0.1",
        "d3-hierarchy": "~1.1.5",
        "d3-sankey": "~0.7.1",
        "d3-voronoi": "~1.1.2",
        "dagre": "~0.8.2",
        "point-at-length": "~1.0.2",
        "regression": "~2.0.0",
        "simple-statistics": "~6.1.0",
        "topojson-client": "~3.0.0",
        "wolfy87-eventemitter": "~5.1.0"
      }
    },
    "@antv/g": {
      "version": "3.3.6",
      "resolved": "https://registry.npm.taobao.org/@antv/g/download/@antv/g-3.3.6.tgz?cache=0&other_urls=https%3A%2F%2Fregistry.npm.taobao.org%2F%40antv%2Fg%2Fdownload%2F%40antv%2Fg-3.3.6.tgz",
      "integrity": "sha1-Ef7Z3cntTloqokS3yKu5gqAD8gE=",
      "requires": {
        "@antv/gl-matrix": "~2.7.1",
        "@antv/util": "~1.3.1",
        "d3-ease": "~1.0.3",
        "d3-interpolate": "~1.1.5",
        "d3-timer": "~1.0.6",
        "wolfy87-eventemitter": "~5.1.0"
      }
    },
    "@antv/g2": {
      "version": "3.5.3",
      "resolved": "https://registry.npm.taobao.org/@antv/g2/download/@antv/g2-3.5.3.tgz?cache=0&sync_timestamp=1560848328167&other_urls=https%3A%2F%2Fregistry.npm.taobao.org%2F%40antv%2Fg2%2Fdownload%2F%40antv%2Fg2-3.5.3.tgz",
      "integrity": "sha1-hFFxmqyGBpC2ekCdX7ewaALErKY=",
      "requires": {
        "@antv/adjust": "~0.1.0",
        "@antv/attr": "~0.1.2",
        "@antv/component": "~0.3.2",
        "@antv/coord": "~0.1.0",
        "@antv/g": "~3.3.6",
        "@antv/scale": "~0.1.1",
        "@antv/util": "~1.3.1",
        "venn.js": "~0.2.20",
        "wolfy87-eventemitter": "~5.1.0"
      }
    },
    "@antv/g2-brush": {
      "version": "0.0.2",
      "resolved": "https://registry.npm.taobao.org/@antv/g2-brush/download/@antv/g2-brush-0.0.2.tgz",
      "integrity": "sha1-C2Xz67+CaQICkT0LZ1mrKQD6qEE="
    },
    "@antv/g2-plugin-slider": {
      "version": "2.1.1",
      "resolved": "https://registry.npm.taobao.org/@antv/g2-plugin-slider/download/@antv/g2-plugin-slider-2.1.1.tgz",
      "integrity": "sha1-wgxfHPCFvqR4+KsfyEg35FxGoGU="
    },
    "@antv/gl-matrix": {
      "version": "2.7.1",
      "resolved": "https://registry.npm.taobao.org/@antv/gl-matrix/download/@antv/gl-matrix-2.7.1.tgz",
      "integrity": "sha1-rLjjf3qz3wE0WrpDcteUK+QuuhQ="
    },
    "@antv/hierarchy": {
      "version": "0.4.0",
      "resolved": "https://registry.npm.taobao.org/@antv/hierarchy/download/@antv/hierarchy-0.4.0.tgz",
      "integrity": "sha1-cStbRHfuC4uNsXTGgrU1awQRqrY=",
      "requires": {
        "@antv/util": "~1.3.1"
      }
    },
    "@antv/scale": {
      "version": "0.1.2",
      "resolved": "https://registry.npm.taobao.org/@antv/scale/download/@antv/scale-0.1.2.tgz",
      "integrity": "sha1-vZyzMDPYlEtSw+DkrM/WBUHDwUc=",
      "requires": {
        "@antv/util": "~1.3.1",
        "fecha": "~2.3.3"
      }
    },
    "@antv/util": {
      "version": "1.3.1",
      "resolved": "https://registry.npm.taobao.org/@antv/util/download/@antv/util-1.3.1.tgz",
      "integrity": "sha1-MKNLIB/5Em7A1YxyyBZqnD5kTM0=",
      "requires": {
        "@antv/gl-matrix": "^2.7.1"
      }
    },
    "@types/d3-format": {
      "version": "1.3.1",
      "resolved": "https://registry.npm.taobao.org/@types/d3-format/download/@types/d3-format-1.3.1.tgz",
      "integrity": "sha1-Nb+IJkvWvNo5JRFlu4J/Z4ecQ4Q="
    },
    "@types/lodash": {
      "version": "4.14.136",
      "resolved": "https://registry.npm.taobao.org/@types/lodash/download/@types/lodash-4.14.136.tgz?cache=0&other_urls=https%3A%2F%2Fregistry.npm.taobao.org%2F%40types%2Flodash%2Fdownload%2F%40types%2Flodash-4.14.136.tgz",
      "integrity": "sha1-QT6FCJBGuGXZYMn/HUAOBMMatg8="
    },
    "@types/node": {
      "version": "12.6.8",
      "resolved": "https://registry.npm.taobao.org/@types/node/download/@types/node-12.6.8.tgz?cache=0&other_urls=https%3A%2F%2Fregistry.npm.taobao.org%2F%40types%2Fnode%2Fdownload%2F%40types%2Fnode-12.6.8.tgz",
      "integrity": "sha1-5Gm0v50cmDKu5JB7qKBRSUNXwSw="
    },
    "@types/prop-types": {
      "version": "15.7.1",
      "resolved": "https://registry.npm.taobao.org/@types/prop-types/download/@types/prop-types-15.7.1.tgz",
      "integrity": "sha1-8aEee6uww8rWgQC+OB0eBkxo8fY="
    },
    "abs-svg-path": {
      "version": "0.1.1",
      "resolved": "https://registry.npm.taobao.org/abs-svg-path/download/abs-svg-path-0.1.1.tgz",
      "integrity": "sha1-32Acjo0roQ1KdtYl4japo5wnI78="
    },
    "align-text": {
      "version": "0.1.4",
      "resolved": "https://registry.npm.taobao.org/align-text/download/align-text-0.1.4.tgz",
      "integrity": "sha1-DNkKVhCT810KmSVsIrcGlDP60Rc=",
      "requires": {
        "kind-of": "^3.0.2",
        "longest": "^1.0.1",
        "repeat-string": "^1.5.2"
      }
    },
    "amdefine": {
      "version": "1.0.1",
      "resolved": "https://registry.npm.taobao.org/amdefine/download/amdefine-1.0.1.tgz",
      "integrity": "sha1-SlKCrBZHKek2Gbz9OtFR+BfOkfU="
    },
    "ansi-regex": {
      "version": "2.1.1",
      "resolved": "https://registry.npm.taobao.org/ansi-regex/download/ansi-regex-2.1.1.tgz",
      "integrity": "sha1-w7M6te42DYbg5ijwRorn7yfWVN8="
    },
    "ansi-styles": {
      "version": "2.2.1",
      "resolved": "https://registry.npm.taobao.org/ansi-styles/download/ansi-styles-2.2.1.tgz?cache=0&other_urls=https%3A%2F%2Fregistry.npm.taobao.org%2Fansi-styles%2Fdownload%2Fansi-styles-2.2.1.tgz",
      "integrity": "sha1-tDLdM1i2NM914eRmQ2gkBTPB3b4="
    },
    "babel-runtime": {
      "version": "6.26.0",
      "resolved": "https://registry.npm.taobao.org/babel-runtime/download/babel-runtime-6.26.0.tgz",
      "integrity": "sha1-llxwWGaOgrVde/4E/yM3vItWR/4=",
      "requires": {
        "core-js": "^2.4.0",
        "regenerator-runtime": "^0.11.0"
      }
    },
    "balanced-match": {
      "version": "1.0.0",
      "resolved": "https://registry.npm.taobao.org/balanced-match/download/balanced-match-1.0.0.tgz",
      "integrity": "sha1-ibTRmasr7kneFk6gK4nORi1xt2c="
    },
    "brace-expansion": {
      "version": "1.1.11",
      "resolved": "https://registry.npm.taobao.org/brace-expansion/download/brace-expansion-1.1.11.tgz",
      "integrity": "sha1-PH/L9SnYcibz0vUrlm/1Jx60Qd0=",
      "requires": {
        "balanced-match": "^1.0.0",
        "concat-map": "0.0.1"
      }
    },
    "camelcase": {
      "version": "1.2.1",
      "resolved": "https://registry.npm.taobao.org/camelcase/download/camelcase-1.2.1.tgz?cache=0&sync_timestamp=1560152144169&other_urls=https%3A%2F%2Fregistry.npm.taobao.org%2Fcamelcase%2Fdownload%2Fcamelcase-1.2.1.tgz",
      "integrity": "sha1-m7UwTS4LVmmLLHWLCKPqqdqlijk="
    },
    "center-align": {
      "version": "0.1.3",
      "resolved": "https://registry.npm.taobao.org/center-align/download/center-align-0.1.3.tgz?cache=0&other_urls=https%3A%2F%2Fregistry.npm.taobao.org%2Fcenter-align%2Fdownload%2Fcenter-align-0.1.3.tgz",
      "integrity": "sha1-qg0yYptu6XIgBBHL1EYckHvCt60=",
      "requires": {
        "align-text": "^0.1.3",
        "lazy-cache": "^1.0.3"
      }
    },
    "chalk": {
      "version": "1.1.3",
      "resolved": "https://registry.npm.taobao.org/chalk/download/chalk-1.1.3.tgz",
      "integrity": "sha1-qBFcVeSnAv5NFQq9OHKCKn4J/Jg=",
      "requires": {
        "ansi-styles": "^2.2.1",
        "escape-string-regexp": "^1.0.2",
        "has-ansi": "^2.0.0",
        "strip-ansi": "^3.0.0",
        "supports-color": "^2.0.0"
      }
    },
    "cliui": {
      "version": "2.1.0",
      "resolved": "https://registry.npm.taobao.org/cliui/download/cliui-2.1.0.tgz",
      "integrity": "sha1-S0dXYP+AJkx2LDoXGQMukcf+oNE=",
      "requires": {
        "center-align": "^0.1.1",
        "right-align": "^0.1.1",
        "wordwrap": "0.0.2"
      }
    },
    "commander": {
      "version": "2.20.0",
      "resolved": "https://registry.npm.taobao.org/commander/download/commander-2.20.0.tgz",
      "integrity": "sha1-1YuytcHuj4ew00ACfp6U4iLFpCI="
    },
    "component-classes": {
      "version": "1.2.6",
      "resolved": "https://registry.npm.taobao.org/component-classes/download/component-classes-1.2.6.tgz",
      "integrity": "sha1-xkI5TDYYpNiwuJGe/Mu9kw5c1pE=",
      "requires": {
        "component-indexof": "0.0.3"
      }
    },
    "component-indexof": {
      "version": "0.0.3",
      "resolved": "https://registry.npm.taobao.org/component-indexof/download/component-indexof-0.0.3.tgz",
      "integrity": "sha1-EdCRMSI5648yyPJa6csAL/6NPCQ="
    },
    "concat-map": {
      "version": "0.0.1",
      "resolved": "https://registry.npm.taobao.org/concat-map/download/concat-map-0.0.1.tgz?cache=0&sync_timestamp=1560151397133&other_urls=https%3A%2F%2Fregistry.npm.taobao.org%2Fconcat-map%2Fdownload%2Fconcat-map-0.0.1.tgz",
      "integrity": "sha1-2Klr13/Wjfd5OnMDajug1UBdR3s="
    },
    "contour_plot": {
      "version": "0.0.1",
      "resolved": "https://registry.npm.taobao.org/contour_plot/download/contour_plot-0.0.1.tgz",
      "integrity": "sha1-R1hw8DK44zhBKqX8UHiA8L9JXHc="
    },
    "core-js": {
      "version": "2.6.9",
      "resolved": "https://registry.npm.taobao.org/core-js/download/core-js-2.6.9.tgz",
      "integrity": "sha1-a0shRiDINBUuF5Mjcn/Bl0GwhPI="
    },
    "css-animation": {
      "version": "1.5.0",
      "resolved": "https://registry.npm.taobao.org/css-animation/download/css-animation-1.5.0.tgz?cache=0&sync_timestamp=1564251334964&other_urls=https%3A%2F%2Fregistry.npm.taobao.org%2Fcss-animation%2Fdownload%2Fcss-animation-1.5.0.tgz",
      "integrity": "sha1-yWuQl6XvdKe+hIC0XMROTsbKK/U=",
      "requires": {
        "babel-runtime": "6.x",
        "component-classes": "^1.2.5"
      }
    },
    "d3-array": {
      "version": "1.2.4",
      "resolved": "https://registry.npm.taobao.org/d3-array/download/d3-array-1.2.4.tgz?cache=0&sync_timestamp=1560154532892&other_urls=https%3A%2F%2Fregistry.npm.taobao.org%2Fd3-array%2Fdownload%2Fd3-array-1.2.4.tgz",
      "integrity": "sha1-Y1zk1e6nWfb2BYY9vPww7cc39x8="
    },
    "d3-collection": {
      "version": "1.0.7",
      "resolved": "https://registry.npm.taobao.org/d3-collection/download/d3-collection-1.0.7.tgz",
      "integrity": "sha1-NJvSqpl32wcQkcExRNXk8WtbMQ4="
    },
    "d3-color": {
      "version": "1.2.8",
      "resolved": "https://registry.npm.taobao.org/d3-color/download/d3-color-1.2.8.tgz",
      "integrity": "sha1-Tq+bYO8YjIk/z4so81Rqr+v72fQ="
    },
    "d3-composite-projections": {
      "version": "1.2.2",
      "resolved": "https://registry.npm.taobao.org/d3-composite-projections/download/d3-composite-projections-1.2.2.tgz?cache=0&other_urls=https%3A%2F%2Fregistry.npm.taobao.org%2Fd3-composite-projections%2Fdownload%2Fd3-composite-projections-1.2.2.tgz",
      "integrity": "sha1-JIN9PHDOknA5jxHHIlSKRoi7Fac=",
      "requires": {
        "d3-geo": "^1.11",
        "d3-path": "^1.0.7"
      },
      "dependencies": {
        "d3-geo": {
          "version": "1.11.6",
          "resolved": "https://registry.npm.taobao.org/d3-geo/download/d3-geo-1.11.6.tgz",
          "integrity": "sha1-E08u8DX/daRIB1+v3qknAqLg4M8=",
          "requires": {
            "d3-array": "1"
          }
        }
      }
    },
    "d3-dispatch": {
      "version": "1.0.5",
      "resolved": "https://registry.npm.taobao.org/d3-dispatch/download/d3-dispatch-1.0.5.tgz",
      "integrity": "sha1-4lwQoYZRfNbILdGeoBjwfgHjkBU="
    },
    "d3-dsv": {
      "version": "1.0.10",
      "resolved": "https://registry.npm.taobao.org/d3-dsv/download/d3-dsv-1.0.10.tgz",
      "integrity": "sha1-Q3HEiaKmVKKXrKFvyvYFpvMab1E=",
      "requires": {
        "commander": "2",
        "iconv-lite": "0.4",
        "rw": "1"
      }
    },
    "d3-ease": {
      "version": "1.0.5",
      "resolved": "https://registry.npm.taobao.org/d3-ease/download/d3-ease-1.0.5.tgz",
      "integrity": "sha1-jOWSdtgSQbG3IELWry1A522Tb/s="
    },
    "d3-format": {
      "version": "1.3.2",
      "resolved": "https://registry.npm.taobao.org/d3-format/download/d3-format-1.3.2.tgz",
      "integrity": "sha1-apa14xvLmBIqMIY/fZI2XABgNWI="
    },
    "d3-geo": {
      "version": "1.6.4",
      "resolved": "https://registry.npm.taobao.org/d3-geo/download/d3-geo-1.6.4.tgz",
      "integrity": "sha1-8g4eRhyxhF9ai+Vatvh2VCp+MZk=",
      "requires": {
        "d3-array": "1"
      }
    },
    "d3-geo-projection": {
      "version": "2.1.2",
      "resolved": "https://registry.npm.taobao.org/d3-geo-projection/download/d3-geo-projection-2.1.2.tgz",
      "integrity": "sha1-ffjh6dBG1jHGUJ9+UxNX1K3CSqM=",
      "requires": {
        "commander": "2",
        "d3-array": "1",
        "d3-geo": "^1.1.0"
      }
    },
    "d3-hexjson": {
      "version": "1.0.1",
      "resolved": "https://registry.npm.taobao.org/d3-hexjson/download/d3-hexjson-1.0.1.tgz",
      "integrity": "sha1-aiMRHoNZ8eIU9dCvo3nAKytn3ws=",
      "requires": {
        "d3-array": "1"
      }
    },
    "d3-hierarchy": {
      "version": "1.1.8",
      "resolved": "https://registry.npm.taobao.org/d3-hierarchy/download/d3-hierarchy-1.1.8.tgz?cache=0&other_urls=https%3A%2F%2Fregistry.npm.taobao.org%2Fd3-hierarchy%2Fdownload%2Fd3-hierarchy-1.1.8.tgz",
      "integrity": "sha1-emMXvT7STjJGQbbx526XiDawCMw="
    },
    "d3-interpolate": {
      "version": "1.1.6",
      "resolved": "https://registry.npm.taobao.org/d3-interpolate/download/d3-interpolate-1.1.6.tgz",
      "integrity": "sha1-LPOVriOBgE3wiqG/dmt/l7X2j7Y=",
      "requires": {
        "d3-color": "1"
      }
    },
    "d3-path": {
      "version": "1.0.7",
      "resolved": "https://registry.npm.taobao.org/d3-path/download/d3-path-1.0.7.tgz",
      "integrity": "sha1-jefNaTp1rAtUgNOrrM2UeT5Yqug="
    },
    "d3-sankey": {
      "version": "0.7.1",
      "resolved": "https://registry.npm.taobao.org/d3-sankey/download/d3-sankey-0.7.1.tgz",
      "integrity": "sha1-0imDImj8aaf+yEgD6WwiVqYUxSE=",
      "requires": {
        "d3-array": "1",
        "d3-collection": "1",
        "d3-shape": "^1.2.0"
      }
    },
    "d3-selection": {
      "version": "1.4.0",
      "resolved": "https://registry.npm.taobao.org/d3-selection/download/d3-selection-1.4.0.tgz",
      "integrity": "sha1-q5rB5mTPln6/G0ecwH4ozpkIxHQ="
    },
    "d3-shape": {
      "version": "1.3.5",
      "resolved": "https://registry.npm.taobao.org/d3-shape/download/d3-shape-1.3.5.tgz",
      "integrity": "sha1-6BrqWUD1nwp5z8ysASIyqJh8YDM=",
      "requires": {
        "d3-path": "1"
      }
    },
    "d3-timer": {
      "version": "1.0.9",
      "resolved": "https://registry.npm.taobao.org/d3-timer/download/d3-timer-1.0.9.tgz",
      "integrity": "sha1-97uMDVl9eS/3Ex4cJKNt1HGkcbo="
    },
    "d3-transition": {
      "version": "1.2.0",
      "resolved": "https://registry.npm.taobao.org/d3-transition/download/d3-transition-1.2.0.tgz",
      "integrity": "sha1-9TjA4hsqofBfPpZfhWfoEoSzsrg=",
      "requires": {
        "d3-color": "1",
        "d3-dispatch": "1",
        "d3-ease": "1",
        "d3-interpolate": "1",
        "d3-selection": "^1.1.0",
        "d3-timer": "1"
      }
    },
    "d3-voronoi": {
      "version": "1.1.4",
      "resolved": "https://registry.npm.taobao.org/d3-voronoi/download/d3-voronoi-1.1.4.tgz",
      "integrity": "sha1-3Tx412U9K7NZKErkeGRdlZRMgpc="
    },
    "dagre": {
      "version": "0.8.4",
      "resolved": "https://registry.npm.taobao.org/dagre/download/dagre-0.8.4.tgz",
      "integrity": "sha1-Jrn7j3vcYMYRCgRYw3UmGDZ4YGE=",
      "requires": {
        "graphlib": "^2.1.7",
        "lodash": "^4.17.4"
      }
    },
    "decamelize": {
      "version": "1.2.0",
      "resolved": "https://registry.npm.taobao.org/decamelize/download/decamelize-1.2.0.tgz",
      "integrity": "sha1-9lNNFRSCabIDUue+4m9QH5oZEpA="
    },
    "deep-equal": {
      "version": "1.0.1",
      "resolved": "https://registry.npm.taobao.org/deep-equal/download/deep-equal-1.0.1.tgz",
      "integrity": "sha1-9dJgKStmDghO/0zbyfCK0yR0SLU="
    },
    "define-properties": {
      "version": "1.1.3",
      "resolved": "https://registry.npm.taobao.org/define-properties/download/define-properties-1.1.3.tgz",
      "integrity": "sha1-z4jabL7ib+bbcJT2HYcMvYTO6fE=",
      "requires": {
        "object-keys": "^1.0.12"
      }
    },
    "defined": {
      "version": "1.0.0",
      "resolved": "https://registry.npm.taobao.org/defined/download/defined-1.0.0.tgz",
      "integrity": "sha1-yY2bzvdWdBiOEQlpFRGZ45sfppM="
    },
    "es-abstract": {
      "version": "1.13.0",
      "resolved": "https://registry.npm.taobao.org/es-abstract/download/es-abstract-1.13.0.tgz",
      "integrity": "sha1-rIYUX91QmdjdSVWMy6Lq+biOJOk=",
      "requires": {
        "es-to-primitive": "^1.2.0",
        "function-bind": "^1.1.1",
        "has": "^1.0.3",
        "is-callable": "^1.1.4",
        "is-regex": "^1.0.4",
        "object-keys": "^1.0.12"
      }
    },
    "es-to-primitive": {
      "version": "1.2.0",
      "resolved": "https://registry.npm.taobao.org/es-to-primitive/download/es-to-primitive-1.2.0.tgz",
      "integrity": "sha1-7fckeAM0VujdqO8J4ArZZQcH83c=",
      "requires": {
        "is-callable": "^1.1.4",
        "is-date-object": "^1.0.1",
        "is-symbol": "^1.0.2"
      }
    },
    "escape-string-regexp": {
      "version": "1.0.5",
      "resolved": "https://registry.npm.taobao.org/escape-string-regexp/download/escape-string-regexp-1.0.5.tgz",
      "integrity": "sha1-G2HAViGQqN/2rjuyzwIAyhMLhtQ="
    },
    "fecha": {
      "version": "2.3.3",
      "resolved": "https://registry.npm.taobao.org/fecha/download/fecha-2.3.3.tgz",
      "integrity": "sha1-lI50FX3xoy/RsSw6PDzctuydls0="
    },
    "fmin": {
      "version": "0.0.2",
      "resolved": "https://registry.npm.taobao.org/fmin/download/fmin-0.0.2.tgz",
      "integrity": "sha1-Wbu0DUP/3ByUzQClaMQflfGXMBc=",
      "requires": {
        "contour_plot": "^0.0.1",
        "json2module": "^0.0.3",
        "rollup": "^0.25.8",
        "tape": "^4.5.1",
        "uglify-js": "^2.6.2"
      }
    },
    "for-each": {
      "version": "0.3.3",
      "resolved": "https://registry.npm.taobao.org/for-each/download/for-each-0.3.3.tgz",
      "integrity": "sha1-abRH6IoKXTLD5whPPxcQA0shN24=",
      "requires": {
        "is-callable": "^1.1.3"
      }
    },
    "fs.realpath": {
      "version": "1.0.0",
      "resolved": "https://registry.npm.taobao.org/fs.realpath/download/fs.realpath-1.0.0.tgz",
      "integrity": "sha1-FQStJSMVjKpA20onh8sBQRmU6k8="
    },
    "function-bind": {
      "version": "1.1.1",
      "resolved": "https://registry.npm.taobao.org/function-bind/download/function-bind-1.1.1.tgz",
      "integrity": "sha1-pWiZ0+o8m6uHS7l3O3xe3pL0iV0="
    },
    "glob": {
      "version": "7.1.4",
      "resolved": "https://registry.npm.taobao.org/glob/download/glob-7.1.4.tgz",
      "integrity": "sha1-qmCKL2xXetNX4a5aXCbZqNGWklU=",
      "requires": {
        "fs.realpath": "^1.0.0",
        "inflight": "^1.0.4",
        "inherits": "2",
        "minimatch": "^3.0.4",
        "once": "^1.3.0",
        "path-is-absolute": "^1.0.0"
      }
    },
    "graphlib": {
      "version": "2.1.7",
      "resolved": "https://registry.npm.taobao.org/graphlib/download/graphlib-2.1.7.tgz",
      "integrity": "sha1-tqafn0S9neOWPOaASi/J5z2Grsw=",
      "requires": {
        "lodash": "^4.17.5"
      }
    },
    "has": {
      "version": "1.0.3",
      "resolved": "https://registry.npm.taobao.org/has/download/has-1.0.3.tgz",
      "integrity": "sha1-ci18v8H2qoJB8W3YFOAR4fQeh5Y=",
      "requires": {
        "function-bind": "^1.1.1"
      }
    },
    "has-ansi": {
      "version": "2.0.0",
      "resolved": "https://registry.npm.taobao.org/has-ansi/download/has-ansi-2.0.0.tgz",
      "integrity": "sha1-NPUEnOHs3ysGSa8+8k5F7TVBbZE=",
      "requires": {
        "ansi-regex": "^2.0.0"
      }
    },
    "has-symbols": {
      "version": "1.0.0",
      "resolved": "https://registry.npm.taobao.org/has-symbols/download/has-symbols-1.0.0.tgz",
      "integrity": "sha1-uhqPGvKg/DllD1yFA2dwQSIGO0Q="
    },
    "iconv-lite": {
      "version": "0.4.24",
      "resolved": "https://registry.npm.taobao.org/iconv-lite/download/iconv-lite-0.4.24.tgz?cache=0&sync_timestamp=1561588160612&other_urls=https%3A%2F%2Fregistry.npm.taobao.org%2Ficonv-lite%2Fdownload%2Ficonv-lite-0.4.24.tgz",
      "integrity": "sha1-ICK0sl+93CHS9SSXSkdKr+czkIs=",
      "requires": {
        "safer-buffer": ">= 2.1.2 < 3"
      }
    },
    "inflight": {
      "version": "1.0.6",
      "resolved": "https://registry.npm.taobao.org/inflight/download/inflight-1.0.6.tgz",
      "integrity": "sha1-Sb1jMdfQLQwJvJEKEHW6gWW1bfk=",
      "requires": {
        "once": "^1.3.0",
        "wrappy": "1"
      }
    },
    "inherits": {
      "version": "2.0.4",
      "resolved": "https://registry.npm.taobao.org/inherits/download/inherits-2.0.4.tgz?cache=0&sync_timestamp=1560975547815&other_urls=https%3A%2F%2Fregistry.npm.taobao.org%2Finherits%2Fdownload%2Finherits-2.0.4.tgz",
      "integrity": "sha1-D6LGT5MpF8NDOg3tVTY6rjdBa3w="
    },
    "is-buffer": {
      "version": "1.1.6",
      "resolved": "https://registry.npm.taobao.org/is-buffer/download/is-buffer-1.1.6.tgz",
      "integrity": "sha1-76ouqdqg16suoTqXsritUf776L4="
    },
    "is-callable": {
      "version": "1.1.4",
      "resolved": "https://registry.npm.taobao.org/is-callable/download/is-callable-1.1.4.tgz",
      "integrity": "sha1-HhrfIZ4e62hNaR+dagX/DTCiTXU="
    },
    "is-date-object": {
      "version": "1.0.1",
      "resolved": "https://registry.npm.taobao.org/is-date-object/download/is-date-object-1.0.1.tgz",
      "integrity": "sha1-mqIOtq7rv/d/vTPnTKAbM1gdOhY="
    },
    "is-regex": {
      "version": "1.0.4",
      "resolved": "https://registry.npm.taobao.org/is-regex/download/is-regex-1.0.4.tgz",
      "integrity": "sha1-VRdIm1RwkbCTDglWVM7SXul+lJE=",
      "requires": {
        "has": "^1.0.1"
      }
    },
    "is-symbol": {
      "version": "1.0.2",
      "resolved": "https://registry.npm.taobao.org/is-symbol/download/is-symbol-1.0.2.tgz",
      "integrity": "sha1-oFX2rlcZLK7jKeeoYBGLSXqVDzg=",
      "requires": {
        "has-symbols": "^1.0.0"
      }
    },
    "isarray": {
      "version": "0.0.1",
      "resolved": "https://registry.npm.taobao.org/isarray/download/isarray-0.0.1.tgz?cache=0&sync_timestamp=1562592096220&other_urls=https%3A%2F%2Fregistry.npm.taobao.org%2Fisarray%2Fdownload%2Fisarray-0.0.1.tgz",
      "integrity": "sha1-ihis/Kmo9Bd+Cav8YDiTmwXR7t8="
    },
    "js-tokens": {
      "version": "4.0.0",
      "resolved": "https://registry.npm.taobao.org/js-tokens/download/js-tokens-4.0.0.tgz",
      "integrity": "sha1-GSA/tZmR35jjoocFDUZHzerzJJk="
    },
    "json2module": {
      "version": "0.0.3",
      "resolved": "https://registry.npm.taobao.org/json2module/download/json2module-0.0.3.tgz",
      "integrity": "sha1-APtfSpt638PwZHwpyxe80Zeb6bI=",
      "requires": {
        "rw": "^1.3.2"
      }
    },
    "kind-of": {
      "version": "3.2.2",
      "resolved": "https://registry.npm.taobao.org/kind-of/download/kind-of-3.2.2.tgz",
      "integrity": "sha1-MeohpzS6ubuw8yRm2JOupR5KPGQ=",
      "requires": {
        "is-buffer": "^1.1.5"
      }
    },
    "lazy-cache": {
      "version": "1.0.4",
      "resolved": "https://registry.npm.taobao.org/lazy-cache/download/lazy-cache-1.0.4.tgz",
      "integrity": "sha1-odePw6UEdMuAhF07O24dpJpEbo4="
    },
    "lodash": {
      "version": "4.17.15",
      "resolved": "https://registry.npm.taobao.org/lodash/download/lodash-4.17.15.tgz",
      "integrity": "sha1-tEf2ZwoEVbv+7dETku/zMOoJdUg="
    },
    "longest": {
      "version": "1.0.1",
      "resolved": "https://registry.npm.taobao.org/longest/download/longest-1.0.1.tgz",
      "integrity": "sha1-MKCy2jj3N3DoKUoNIuZiXtd9AJc="
    },
    "loose-envify": {
      "version": "1.4.0",
      "resolved": "https://registry.npm.taobao.org/loose-envify/download/loose-envify-1.4.0.tgz",
      "integrity": "sha1-ce5R+nvkyuwaY4OffmgtgTLTDK8=",
      "requires": {
        "js-tokens": "^3.0.0 || ^4.0.0"
      }
    },
    "minimatch": {
      "version": "3.0.4",
      "resolved": "https://registry.npm.taobao.org/minimatch/download/minimatch-3.0.4.tgz",
      "integrity": "sha1-UWbihkV/AzBgZL5Ul+jbsMPTIIM=",
      "requires": {
        "brace-expansion": "^1.1.7"
      }
    },
    "minimist": {
      "version": "1.2.0",
      "resolved": "https://registry.npm.taobao.org/minimist/download/minimist-1.2.0.tgz",
      "integrity": "sha1-o1AIsg9BOD7sH7kU9M1d95omQoQ="
    },
    "object-assign": {
      "version": "4.1.1",
      "resolved": "https://registry.npm.taobao.org/object-assign/download/object-assign-4.1.1.tgz",
      "integrity": "sha1-IQmtx5ZYh8/AXLvUQsrIv7s2CGM="
    },
    "object-inspect": {
      "version": "1.6.0",
      "resolved": "https://registry.npm.taobao.org/object-inspect/download/object-inspect-1.6.0.tgz",
      "integrity": "sha1-xwtsv3LydKq0w0wMgvUWe/gs8Vs="
    },
    "object-keys": {
      "version": "1.1.1",
      "resolved": "https://registry.npm.taobao.org/object-keys/download/object-keys-1.1.1.tgz",
      "integrity": "sha1-HEfyct8nfzsdrwYWd9nILiMixg4="
    },
    "once": {
      "version": "1.4.0",
      "resolved": "https://registry.npm.taobao.org/once/download/once-1.4.0.tgz",
      "integrity": "sha1-WDsap3WWHUsROsF9nFC6753Xa9E=",
      "requires": {
        "wrappy": "1"
      }
    },
    "parse-svg-path": {
      "version": "0.1.2",
      "resolved": "https://registry.npm.taobao.org/parse-svg-path/download/parse-svg-path-0.1.2.tgz",
      "integrity": "sha1-en7A0esG+lMlx9PgCbhZoJtdSes="
    },
    "path-is-absolute": {
      "version": "1.0.1",
      "resolved": "https://registry.npm.taobao.org/path-is-absolute/download/path-is-absolute-1.0.1.tgz",
      "integrity": "sha1-F0uSaHNVNP+8es5r9TpanhtcX18="
    },
    "path-parse": {
      "version": "1.0.6",
      "resolved": "https://registry.npm.taobao.org/path-parse/download/path-parse-1.0.6.tgz",
      "integrity": "sha1-1i27VnlAXXLEc37FhgDp3c8G0kw="
    },
    "point-at-length": {
      "version": "1.0.2",
      "resolved": "https://registry.npm.taobao.org/point-at-length/download/point-at-length-1.0.2.tgz",
      "integrity": "sha1-kXbY1tfIFi8Stkb3B9ufDqcoEl4=",
      "requires": {
        "abs-svg-path": "~0.1.1",
        "isarray": "~0.0.1",
        "parse-svg-path": "~0.1.1"
      }
    },
    "prop-types": {
      "version": "15.7.2",
      "resolved": "https://registry.npm.taobao.org/prop-types/download/prop-types-15.7.2.tgz",
      "integrity": "sha1-UsQedbjIfnK52TYOAga5ncv/psU=",
      "requires": {
        "loose-envify": "^1.4.0",
        "object-assign": "^4.1.1",
        "react-is": "^16.8.1"
      }
    },
    "react-is": {
      "version": "16.8.6",
      "resolved": "https://registry.npm.taobao.org/react-is/download/react-is-16.8.6.tgz",
      "integrity": "sha1-W7weLSkUHJ+9/tRWND/ivEMKahY="
    },
    "regenerator-runtime": {
      "version": "0.11.1",
      "resolved": "https://registry.npm.taobao.org/regenerator-runtime/download/regenerator-runtime-0.11.1.tgz",
      "integrity": "sha1-vgWtf5v30i4Fb5cmzuUBf78Z4uk="
    },
    "regression": {
      "version": "2.0.1",
      "resolved": "https://registry.npm.taobao.org/regression/download/regression-2.0.1.tgz",
      "integrity": "sha1-jSnD6CJKEIUMNeM36FqLL6w7DIc="
    },
    "repeat-string": {
      "version": "1.6.1",
      "resolved": "https://registry.npm.taobao.org/repeat-string/download/repeat-string-1.6.1.tgz",
      "integrity": "sha1-jcrkcOHIirwtYA//Sndihtp15jc="
    },
    "resolve": {
      "version": "1.11.1",
      "resolved": "https://registry.npm.taobao.org/resolve/download/resolve-1.11.1.tgz",
      "integrity": "sha1-6hDYEQN2mC/vV434/DC5rDCgej4=",
      "requires": {
        "path-parse": "^1.0.6"
      }
    },
    "resumer": {
      "version": "0.0.0",
      "resolved": "https://registry.npm.taobao.org/resumer/download/resumer-0.0.0.tgz",
      "integrity": "sha1-8ej0YeQGS6Oegq883CqMiT0HZ1k=",
      "requires": {
        "through": "~2.3.4"
      }
    },
    "right-align": {
      "version": "0.1.3",
      "resolved": "https://registry.npm.taobao.org/right-align/download/right-align-0.1.3.tgz",
      "integrity": "sha1-YTObci/mo1FWiSENJOFMlhSGE+8=",
      "requires": {
        "align-text": "^0.1.1"
      }
    },
    "rollup": {
      "version": "0.25.8",
      "resolved": "https://registry.npm.taobao.org/rollup/download/rollup-0.25.8.tgz",
      "integrity": "sha1-v2zoO4dRDRY0Ru6qV37WpvxYNeA=",
      "requires": {
        "chalk": "^1.1.1",
        "minimist": "^1.2.0",
        "source-map-support": "^0.3.2"
      }
    },
    "rw": {
      "version": "1.3.3",
      "resolved": "https://registry.npm.taobao.org/rw/download/rw-1.3.3.tgz",
      "integrity": "sha1-P4Yt+pGrdmsUiF700BEkv9oHT7Q="
    },
    "safer-buffer": {
      "version": "2.1.2",
      "resolved": "https://registry.npm.taobao.org/safer-buffer/download/safer-buffer-2.1.2.tgz?cache=0&other_urls=https%3A%2F%2Fregistry.npm.taobao.org%2Fsafer-buffer%2Fdownload%2Fsafer-buffer-2.1.2.tgz",
      "integrity": "sha1-RPoWGwGHuVSd2Eu5GAL5vYOFzWo="
    },
    "simple-statistics": {
      "version": "6.1.1",
      "resolved": "https://registry.npm.taobao.org/simple-statistics/download/simple-statistics-6.1.1.tgz?cache=0&sync_timestamp=1562736556901&other_urls=https%3A%2F%2Fregistry.npm.taobao.org%2Fsimple-statistics%2Fdownload%2Fsimple-statistics-6.1.1.tgz",
      "integrity": "sha1-46B5n/xJkU1vQhxaSsWF9qE+K60="
    },
    "source-map": {
      "version": "0.1.32",
      "resolved": "https://registry.npm.taobao.org/source-map/download/source-map-0.1.32.tgz",
      "integrity": "sha1-yLbBZ3l7pHQKjqMyUhYv8IWRsmY=",
      "requires": {
        "amdefine": ">=0.0.4"
      }
    },
    "source-map-support": {
      "version": "0.3.3",
      "resolved": "https://registry.npm.taobao.org/source-map-support/download/source-map-support-0.3.3.tgz?cache=0&other_urls=https%3A%2F%2Fregistry.npm.taobao.org%2Fsource-map-support%2Fdownload%2Fsource-map-support-0.3.3.tgz",
      "integrity": "sha1-NJAJd9W6PwfHdX7nLnO7GptTdU8=",
      "requires": {
        "source-map": "0.1.32"
      }
    },
    "string.prototype.trim": {
      "version": "1.1.2",
      "resolved": "https://registry.npm.taobao.org/string.prototype.trim/download/string.prototype.trim-1.1.2.tgz",
      "integrity": "sha1-0E3iyJ4Tf019IG8Ia17S+ua+jOo=",
      "requires": {
        "define-properties": "^1.1.2",
        "es-abstract": "^1.5.0",
        "function-bind": "^1.0.2"
      }
    },
    "strip-ansi": {
      "version": "3.0.1",
      "resolved": "https://registry.npm.taobao.org/strip-ansi/download/strip-ansi-3.0.1.tgz",
      "integrity": "sha1-ajhfuIU9lS1f8F0Oiq+UJ43GPc8=",
      "requires": {
        "ansi-regex": "^2.0.0"
      }
    },
    "supports-color": {
      "version": "2.0.0",
      "resolved": "https://registry.npm.taobao.org/supports-color/download/supports-color-2.0.0.tgz",
      "integrity": "sha1-U10EXOa2Nj+kARcIRimZXp3zJMc="
    },
    "tape": {
      "version": "4.11.0",
      "resolved": "https://registry.npm.taobao.org/tape/download/tape-4.11.0.tgz",
      "integrity": "sha1-Y9QazNleRaI6h0RzBRxX/bxY7cE=",
      "requires": {
        "deep-equal": "~1.0.1",
        "defined": "~1.0.0",
        "for-each": "~0.3.3",
        "function-bind": "~1.1.1",
        "glob": "~7.1.4",
        "has": "~1.0.3",
        "inherits": "~2.0.4",
        "minimist": "~1.2.0",
        "object-inspect": "~1.6.0",
        "resolve": "~1.11.1",
        "resumer": "~0.0.0",
        "string.prototype.trim": "~1.1.2",
        "through": "~2.3.8"
      }
    },
    "through": {
      "version": "2.3.8",
      "resolved": "https://registry.npm.taobao.org/through/download/through-2.3.8.tgz",
      "integrity": "sha1-DdTJ/6q8NXlgsbckEV1+Doai4fU="
    },
    "topojson-client": {
      "version": "3.0.0",
      "resolved": "https://registry.npm.taobao.org/topojson-client/download/topojson-client-3.0.0.tgz",
      "integrity": "sha1-H5kpOnfvQqRI0DKoGqmCtz82DS8=",
      "requires": {
        "commander": "2"
      }
    },
    "uglify-js": {
      "version": "2.8.29",
      "resolved": "https://registry.npm.taobao.org/uglify-js/download/uglify-js-2.8.29.tgz?cache=0&other_urls=https%3A%2F%2Fregistry.npm.taobao.org%2Fuglify-js%2Fdownload%2Fuglify-js-2.8.29.tgz",
      "integrity": "sha1-KcVzMUgFe7Th913zW3qcty5qWd0=",
      "requires": {
        "source-map": "~0.5.1",
        "uglify-to-browserify": "~1.0.0",
        "yargs": "~3.10.0"
      },
      "dependencies": {
        "source-map": {
          "version": "0.5.7",
          "resolved": "https://registry.npm.taobao.org/source-map/download/source-map-0.5.7.tgz",
          "integrity": "sha1-igOdLRAh0i0eoUyA2OpGi6LvP8w="
        }
      }
    },
    "uglify-to-browserify": {
      "version": "1.0.2",
      "resolved": "https://registry.npm.taobao.org/uglify-to-browserify/download/uglify-to-browserify-1.0.2.tgz",
      "integrity": "sha1-bgkk1r2mta/jSeOabWMoUKD4grc=",
      "optional": true
    },
    "venn.js": {
      "version": "0.2.20",
      "resolved": "https://registry.npm.taobao.org/venn.js/download/venn.js-0.2.20.tgz",
      "integrity": "sha1-Pw5QzHXLofWGkqijL2e9eq8apvo=",
      "requires": {
        "d3-selection": "^1.0.2",
        "d3-transition": "^1.0.1",
        "fmin": "0.0.2"
      }
    },
    "viser": {
      "version": "2.4.6",
      "resolved": "https://registry.npm.taobao.org/viser/download/viser-2.4.6.tgz",
      "integrity": "sha1-0Y7hjOoynUvD2wDwvNc2j0GZEuA=",
      "requires": {
        "@antv/g2": "3.5.3",
        "@antv/g2-brush": "^0.0.2",
        "@antv/g2-plugin-slider": "^2.1.0",
        "@types/d3-format": "*",
        "@types/lodash": "*",
        "@types/node": "^8.0.53",
        "d3-format": "^1.3.0",
        "lodash": "^4.17.4"
      },
      "dependencies": {
        "@types/node": {
          "version": "8.10.51",
          "resolved": "https://registry.npm.taobao.org/@types/node/download/@types/node-8.10.51.tgz?cache=0&other_urls=https%3A%2F%2Fregistry.npm.taobao.org%2F%40types%2Fnode%2Fdownload%2F%40types%2Fnode-8.10.51.tgz",
          "integrity": "sha1-gGAIV8Ckeo6Lr8La5trtbbWONic="
        }
      }
    },
    "viser-react": {
      "version": "2.4.6",
      "resolved": "https://registry.npm.taobao.org/viser-react/download/viser-react-2.4.6.tgz",
      "integrity": "sha1-kLFra02McrvQdsPRbBtiFHSJvKw=",
      "requires": {
        "@types/node": "*",
        "@types/prop-types": "*",
        "prop-types": "^15.6.0",
        "viser": "^2.0.0"
      }
    },
    "window-size": {
      "version": "0.1.0",
      "resolved": "https://registry.npm.taobao.org/window-size/download/window-size-0.1.0.tgz",
      "integrity": "sha1-VDjNLqk7IC76Ohn+iIeu58lPnJ0="
    },
    "wolfy87-eventemitter": {
      "version": "5.1.0",
      "resolved": "https://registry.npm.taobao.org/wolfy87-eventemitter/download/wolfy87-eventemitter-5.1.0.tgz",
      "integrity": "sha1-NcGsDdGsDBXjXZgVCPwiCEoToBE="
    },
    "wordwrap": {
      "version": "0.0.2",
      "resolved": "https://registry.npm.taobao.org/wordwrap/download/wordwrap-0.0.2.tgz",
      "integrity": "sha1-t5Zpu0LstAn4PVg8rVLKF+qhZD8="
    },
    "wrappy": {
      "version": "1.0.2",
      "resolved": "https://registry.npm.taobao.org/wrappy/download/wrappy-1.0.2.tgz",
      "integrity": "sha1-tSQ9jz7BqjXxNkYFvA0QNuMKtp8="
    },
    "yargs": {
      "version": "3.10.0",
      "resolved": "https://registry.npm.taobao.org/yargs/download/yargs-3.10.0.tgz",
      "integrity": "sha1-9+572FfdfB0tOMDnTvvWgdFDH9E=",
      "requires": {
        "camelcase": "^1.0.2",
        "cliui": "^2.1.0",
        "decamelize": "^1.0.0",
        "window-size": "0.1.0"
      }
    }
  }
}
